
Microsoft Visual Studio Solution File, Format Version 12.00
# Visual Studio Version 17
VisualStudioVersion = 17.8.34330.188
MinimumVisualStudioVersion = 10.0.40219.1
Project("{FAE04EC0-301F-11D3-BF4B-00C04F79EFBC}") = "MoneyConversionApp.Server", "MoneyConversionApp.Server\MoneyConversionApp.Server.csproj", "{74E6FC55-5794-40CB-A53E-86B2C5D9A4D7}"
EndProject
Project("{54A90642-561A-4BB1-A94E-469ADEE60C69}") = "moneyconversionapp.client", "moneyconversionapp.client\moneyconversionapp.client.esproj", "{08EBA9BB-5077-493E-BF90-A4DDF1052A6B}"
EndProject
Global
	GlobalSection(SolutionConfigurationPlatforms) = preSolution
		Debug|Any CPU = Debug|Any CPU
		Release|Any CPU = Release|Any CPU
	EndGlobalSection
	GlobalSection(ProjectConfigurationPlatforms) = postSolution
		{74E6FC55-5794-40CB-A53E-86B2C5D9A4D7}.Debug|Any CPU.ActiveCfg = Debug|Any CPU
		{74E6FC55-5794-40CB-A53E-86B2C5D9A4D7}.Debug|Any CPU.Build.0 = Debug|Any CPU
		{74E6FC55-5794-40CB-A53E-86B2C5D9A4D7}.Release|Any CPU.ActiveCfg = Release|Any CPU
		{74E6FC55-5794-40CB-A53E-86B2C5D9A4D7}.Release|Any CPU.Build.0 = Release|Any CPU
		{08EBA9BB-5077-493E-BF90-A4DDF1052A6B}.Debug|Any CPU.ActiveCfg = Debug|Any CPU
		{08EBA9BB-5077-493E-BF90-A4DDF1052A6B}.Debug|Any CPU.Build.0 = Debug|Any CPU
		{08EBA9BB-5077-493E-BF90-A4DDF1052A6B}.Debug|Any CPU.Deploy.0 = Debug|Any CPU
		{08EBA9BB-5077-493E-BF90-A4DDF1052A6B}.Release|Any CPU.ActiveCfg = Release|Any CPU
		{08EBA9BB-5077-493E-BF90-A4DDF1052A6B}.Release|Any CPU.Build.0 = Release|Any CPU
		{08EBA9BB-5077-493E-BF90-A4DDF1052A6B}.Release|Any CPU.Deploy.0 = Release|Any CPU
	EndGlobalSection
	GlobalSection(SolutionProperties) = preSolution
		HideSolutionNode = FALSE
	EndGlobalSection
	GlobalSection(ExtensibilityGlobals) = postSolution
		SolutionGuid = {ABD9D6E4-FC7B-4485-86A5-DC1B9FFC721C}
	EndGlobalSection
EndGlobal
